
Microsoft Visual Studio Solution File, Format Version 12.00
# Visual Studio Version 17
VisualStudioVersion = 17.8.34511.84
MinimumVisualStudioVersion = 10.0.40219.1
Project("{FAE04EC0-301F-11D3-BF4B-00C04F79EFBC}") = "MiniCalc2", "MiniCalc2\MiniCalc2.csproj", "{15DB7673-307E-4987-B4D7-1AAA891468C1}"
EndProject
Global
	GlobalSection(SolutionConfigurationPlatforms) = preSolution
		Debug|Any CPU = Debug|Any CPU
		Release|Any CPU = Release|Any CPU
	EndGlobalSection
	GlobalSection(ProjectConfigurationPlatforms) = postSolution
		{15DB7673-307E-4987-B4D7-1AAA891468C1}.Debug|Any CPU.ActiveCfg = Debug|Any CPU
		{15DB7673-307E-4987-B4D7-1AAA891468C1}.Debug|Any CPU.Build.0 = Debug|Any CPU
		{15DB7673-307E-4987-B4D7-1AAA891468C1}.Release|Any CPU.ActiveCfg = Release|Any CPU
		{15DB7673-307E-4987-B4D7-1AAA891468C1}.Release|Any CPU.Build.0 = Release|Any CPU
	EndGlobalSection
	GlobalSection(SolutionProperties) = preSolution
		HideSolutionNode = FALSE
	EndGlobalSection
	GlobalSection(ExtensibilityGlobals) = postSolution
		SolutionGuid = {E37EC19E-57B1-4334-ACF0-E71181E1A76B}
	EndGlobalSection
EndGlobal
